
Microsoft Visual Studio Solution File, Format Version 12.00
Project("{FAE04EC0-301F-11D3-BF4B-00C04F79EFBC}") = "liskov-substitution-prinicple", "liskov-substitution-prinicple\liskov-substitution-prinicple.csproj", "{2DEF55EB-8900-4F34-B582-42B45F78CB5B}"
EndProject
Project("{FAE04EC0-301F-11D3-BF4B-00C04F79EFBC}") = "composition-over-inheritance", "composition-over-inheritance\composition-over-inheritance.csproj", "{2A394343-B435-4BD9-A3B3-E4A3971D9687}"
EndProject
Project("{FAE04EC0-301F-11D3-BF4B-00C04F79EFBC}") = "SudokuKata", "SudokuKata\SudokuKata.csproj", "{BE348366-AAB5-4BFC-8346-3573B2233704}"
EndProject
Global
	GlobalSection(SolutionConfigurationPlatforms) = preSolution
		Debug|Any CPU = Debug|Any CPU
		Release|Any CPU = Release|Any CPU
	EndGlobalSection
	GlobalSection(ProjectConfigurationPlatforms) = postSolution
		{2DEF55EB-8900-4F34-B582-42B45F78CB5B}.Debug|Any CPU.ActiveCfg = Debug|Any CPU
		{2DEF55EB-8900-4F34-B582-42B45F78CB5B}.Debug|Any CPU.Build.0 = Debug|Any CPU
		{2DEF55EB-8900-4F34-B582-42B45F78CB5B}.Release|Any CPU.ActiveCfg = Release|Any CPU
		{2DEF55EB-8900-4F34-B582-42B45F78CB5B}.Release|Any CPU.Build.0 = Release|Any CPU
		{2A394343-B435-4BD9-A3B3-E4A3971D9687}.Debug|Any CPU.ActiveCfg = Debug|Any CPU
		{2A394343-B435-4BD9-A3B3-E4A3971D9687}.Debug|Any CPU.Build.0 = Debug|Any CPU
		{2A394343-B435-4BD9-A3B3-E4A3971D9687}.Release|Any CPU.ActiveCfg = Release|Any CPU
		{2A394343-B435-4BD9-A3B3-E4A3971D9687}.Release|Any CPU.Build.0 = Release|Any CPU
		{BE348366-AAB5-4BFC-8346-3573B2233704}.Debug|Any CPU.ActiveCfg = Debug|Any CPU
		{BE348366-AAB5-4BFC-8346-3573B2233704}.Debug|Any CPU.Build.0 = Debug|Any CPU
		{BE348366-AAB5-4BFC-8346-3573B2233704}.Release|Any CPU.ActiveCfg = Release|Any CPU
		{BE348366-AAB5-4BFC-8346-3573B2233704}.Release|Any CPU.Build.0 = Release|Any CPU
	EndGlobalSection
EndGlobal
