
Microsoft Visual Studio Solution File, Format Version 12.00
Project("{FAE04EC0-301F-11D3-BF4B-00C04F79EFBC}") = "liskov-substitution-prinicple", "liskov-substitution-prinicple\liskov-substitution-prinicple.csproj", "{2DEF55EB-8900-4F34-B582-42B45F78CB5B}"
EndProject
Project("{FAE04EC0-301F-11D3-BF4B-00C04F79EFBC}") = "composition-over-inheritance", "composition-over-inheritance\composition-over-inheritance.csproj", "{2A394343-B435-4BD9-A3B3-E4A3971D9687}"
EndProject
Project("{FAE04EC0-301F-11D3-BF4B-00C04F79EFBC}") = "SudokuKata", "SudokuKata\SudokuKata.csproj", "{BE348366-AAB5-4BFC-8346-3573B2233704}"
EndProject
Project("{FAE04EC0-301F-11D3-BF4B-00C04F79EFBC}") = "master-the-desing-of-classes", "master-the-design-of-classes\master-the-desing-of-classes.csproj", "{DBB0BA0C-5DCF-4E12-BD2A-663E20302305}"
EndProject
Project("{FAE04EC0-301F-11D3-BF4B-00C04F79EFBC}") = "async-await-cancellation", "async-await-cancellation\async-await-cancellation.csproj", "{329776BE-0AD4-4F7E-902D-93230FE0A75A}"
EndProject
Project("{FAE04EC0-301F-11D3-BF4B-00C04F79EFBC}") = "favor-method-chaining", "favor-method-chaining\favor-method-chaining.csproj", "{962C95AB-33A5-46E8-BAE8-9AF23910ADBE}"
EndProject
Project("{FAE04EC0-301F-11D3-BF4B-00C04F79EFBC}") = "immutable.design", "immutable.design\immutable.design.csproj", "{4EC92B76-FE8D-4E00-A93E-8B342001C40B}"
EndProject
Project("{FAE04EC0-301F-11D3-BF4B-00C04F79EFBC}") = "extension-methods-advanced", "extension-methods-advanced\extension-methods-advanced.csproj", "{B883B494-AEE5-442B-850C-7184C485239D}"
EndProject
Project("{FAE04EC0-301F-11D3-BF4B-00C04F79EFBC}") = "functional", "functional-key\functional.csproj", "{904F028F-F9AF-4401-9400-F0CE432F2B82}"
EndProject
Project("{FAE04EC0-301F-11D3-BF4B-00C04F79EFBC}") = "Bookstore", "Bookstore-Favor-top-down-domain-modeling\Bookstore\Bookstore.csproj", "{616D6141-58DF-404F-8F88-174CDB7A69C0}"
EndProject
Project("{FAE04EC0-301F-11D3-BF4B-00C04F79EFBC}") = "eliminate-data-clumps", "eliminate-data-clumps\eliminate-data-clumps.csproj", "{A06D24FD-0B17-4096-B609-6B6E1AC7C7C8}"
EndProject
Project("{FAE04EC0-301F-11D3-BF4B-00C04F79EFBC}") = "DemoApi-polymorphism", "DemoApi-polymorphism\DemoApi-polymorphism.csproj", "{7CC37371-AA10-4F1F-9DCA-C9D8364BCF44}"
EndProject
Global
	GlobalSection(SolutionConfigurationPlatforms) = preSolution
		Debug|Any CPU = Debug|Any CPU
		Release|Any CPU = Release|Any CPU
	EndGlobalSection
	GlobalSection(ProjectConfigurationPlatforms) = postSolution
		{2DEF55EB-8900-4F34-B582-42B45F78CB5B}.Debug|Any CPU.ActiveCfg = Debug|Any CPU
		{2DEF55EB-8900-4F34-B582-42B45F78CB5B}.Debug|Any CPU.Build.0 = Debug|Any CPU
		{2DEF55EB-8900-4F34-B582-42B45F78CB5B}.Release|Any CPU.ActiveCfg = Release|Any CPU
		{2DEF55EB-8900-4F34-B582-42B45F78CB5B}.Release|Any CPU.Build.0 = Release|Any CPU
		{2A394343-B435-4BD9-A3B3-E4A3971D9687}.Debug|Any CPU.ActiveCfg = Debug|Any CPU
		{2A394343-B435-4BD9-A3B3-E4A3971D9687}.Debug|Any CPU.Build.0 = Debug|Any CPU
		{2A394343-B435-4BD9-A3B3-E4A3971D9687}.Release|Any CPU.ActiveCfg = Release|Any CPU
		{2A394343-B435-4BD9-A3B3-E4A3971D9687}.Release|Any CPU.Build.0 = Release|Any CPU
		{BE348366-AAB5-4BFC-8346-3573B2233704}.Debug|Any CPU.ActiveCfg = Debug|Any CPU
		{BE348366-AAB5-4BFC-8346-3573B2233704}.Debug|Any CPU.Build.0 = Debug|Any CPU
		{BE348366-AAB5-4BFC-8346-3573B2233704}.Release|Any CPU.ActiveCfg = Release|Any CPU
		{BE348366-AAB5-4BFC-8346-3573B2233704}.Release|Any CPU.Build.0 = Release|Any CPU
		{DBB0BA0C-5DCF-4E12-BD2A-663E20302305}.Debug|Any CPU.ActiveCfg = Debug|Any CPU
		{DBB0BA0C-5DCF-4E12-BD2A-663E20302305}.Debug|Any CPU.Build.0 = Debug|Any CPU
		{DBB0BA0C-5DCF-4E12-BD2A-663E20302305}.Release|Any CPU.ActiveCfg = Release|Any CPU
		{DBB0BA0C-5DCF-4E12-BD2A-663E20302305}.Release|Any CPU.Build.0 = Release|Any CPU
		{329776BE-0AD4-4F7E-902D-93230FE0A75A}.Debug|Any CPU.ActiveCfg = Debug|Any CPU
		{329776BE-0AD4-4F7E-902D-93230FE0A75A}.Debug|Any CPU.Build.0 = Debug|Any CPU
		{329776BE-0AD4-4F7E-902D-93230FE0A75A}.Release|Any CPU.ActiveCfg = Release|Any CPU
		{329776BE-0AD4-4F7E-902D-93230FE0A75A}.Release|Any CPU.Build.0 = Release|Any CPU
		{962C95AB-33A5-46E8-BAE8-9AF23910ADBE}.Debug|Any CPU.ActiveCfg = Debug|Any CPU
		{962C95AB-33A5-46E8-BAE8-9AF23910ADBE}.Debug|Any CPU.Build.0 = Debug|Any CPU
		{962C95AB-33A5-46E8-BAE8-9AF23910ADBE}.Release|Any CPU.ActiveCfg = Release|Any CPU
		{962C95AB-33A5-46E8-BAE8-9AF23910ADBE}.Release|Any CPU.Build.0 = Release|Any CPU
		{4EC92B76-FE8D-4E00-A93E-8B342001C40B}.Debug|Any CPU.ActiveCfg = Debug|Any CPU
		{4EC92B76-FE8D-4E00-A93E-8B342001C40B}.Debug|Any CPU.Build.0 = Debug|Any CPU
		{4EC92B76-FE8D-4E00-A93E-8B342001C40B}.Release|Any CPU.ActiveCfg = Release|Any CPU
		{4EC92B76-FE8D-4E00-A93E-8B342001C40B}.Release|Any CPU.Build.0 = Release|Any CPU
		{B883B494-AEE5-442B-850C-7184C485239D}.Debug|Any CPU.ActiveCfg = Debug|Any CPU
		{B883B494-AEE5-442B-850C-7184C485239D}.Debug|Any CPU.Build.0 = Debug|Any CPU
		{B883B494-AEE5-442B-850C-7184C485239D}.Release|Any CPU.ActiveCfg = Release|Any CPU
		{B883B494-AEE5-442B-850C-7184C485239D}.Release|Any CPU.Build.0 = Release|Any CPU
		{46C69948-581E-4186-913A-B79FF1C44FBB}.Debug|Any CPU.ActiveCfg = Debug|Any CPU
		{46C69948-581E-4186-913A-B79FF1C44FBB}.Debug|Any CPU.Build.0 = Debug|Any CPU
		{46C69948-581E-4186-913A-B79FF1C44FBB}.Release|Any CPU.ActiveCfg = Release|Any CPU
		{46C69948-581E-4186-913A-B79FF1C44FBB}.Release|Any CPU.Build.0 = Release|Any CPU
		{904F028F-F9AF-4401-9400-F0CE432F2B82}.Debug|Any CPU.ActiveCfg = Debug|Any CPU
		{904F028F-F9AF-4401-9400-F0CE432F2B82}.Debug|Any CPU.Build.0 = Debug|Any CPU
		{904F028F-F9AF-4401-9400-F0CE432F2B82}.Release|Any CPU.ActiveCfg = Release|Any CPU
		{904F028F-F9AF-4401-9400-F0CE432F2B82}.Release|Any CPU.Build.0 = Release|Any CPU
		{616D6141-58DF-404F-8F88-174CDB7A69C0}.Debug|Any CPU.ActiveCfg = Debug|Any CPU
		{616D6141-58DF-404F-8F88-174CDB7A69C0}.Debug|Any CPU.Build.0 = Debug|Any CPU
		{616D6141-58DF-404F-8F88-174CDB7A69C0}.Release|Any CPU.ActiveCfg = Release|Any CPU
		{616D6141-58DF-404F-8F88-174CDB7A69C0}.Release|Any CPU.Build.0 = Release|Any CPU
		{A06D24FD-0B17-4096-B609-6B6E1AC7C7C8}.Debug|Any CPU.ActiveCfg = Debug|Any CPU
		{A06D24FD-0B17-4096-B609-6B6E1AC7C7C8}.Debug|Any CPU.Build.0 = Debug|Any CPU
		{A06D24FD-0B17-4096-B609-6B6E1AC7C7C8}.Release|Any CPU.ActiveCfg = Release|Any CPU
		{A06D24FD-0B17-4096-B609-6B6E1AC7C7C8}.Release|Any CPU.Build.0 = Release|Any CPU
		{7CC37371-AA10-4F1F-9DCA-C9D8364BCF44}.Debug|Any CPU.ActiveCfg = Debug|Any CPU
		{7CC37371-AA10-4F1F-9DCA-C9D8364BCF44}.Debug|Any CPU.Build.0 = Debug|Any CPU
		{7CC37371-AA10-4F1F-9DCA-C9D8364BCF44}.Release|Any CPU.ActiveCfg = Release|Any CPU
		{7CC37371-AA10-4F1F-9DCA-C9D8364BCF44}.Release|Any CPU.Build.0 = Release|Any CPU
	EndGlobalSection
	GlobalSection(NestedProjects) = preSolution
	EndGlobalSection
EndGlobal
